
Microsoft Visual Studio Solution File, Format Version 10.00
# Visual Studio 2008
Project("{FAE04EC0-301F-11D3-BF4B-00C04F79EFBC}") = "EFramework", "EFramework.csproj", "{138B8D29-6A93-48B6-AFAB-9DC93D0B23AB}"
EndProject
Project("{FAE04EC0-301F-11D3-BF4B-00C04F79EFBC}") = "TestApp", "TestApp\TestApp.csproj", "{8144B61F-0BBC-4CC2-B5A1-92C83B9EC5B3}"
EndProject
Global
	GlobalSection(SolutionConfigurationPlatforms) = preSolution
		Debug|Any CPU = Debug|Any CPU
		Release|Any CPU = Release|Any CPU
	EndGlobalSection
	GlobalSection(ProjectConfigurationPlatforms) = postSolution
		{138B8D29-6A93-48B6-AFAB-9DC93D0B23AB}.Debug|Any CPU.ActiveCfg = Debug|Any CPU
		{138B8D29-6A93-48B6-AFAB-9DC93D0B23AB}.Debug|Any CPU.Build.0 = Debug|Any CPU
		{138B8D29-6A93-48B6-AFAB-9DC93D0B23AB}.Release|Any CPU.ActiveCfg = Release|Any CPU
		{138B8D29-6A93-48B6-AFAB-9DC93D0B23AB}.Release|Any CPU.Build.0 = Release|Any CPU
		{8144B61F-0BBC-4CC2-B5A1-92C83B9EC5B3}.Debug|Any CPU.ActiveCfg = Debug|Any CPU
		{8144B61F-0BBC-4CC2-B5A1-92C83B9EC5B3}.Debug|Any CPU.Build.0 = Debug|Any CPU
		{8144B61F-0BBC-4CC2-B5A1-92C83B9EC5B3}.Release|Any CPU.ActiveCfg = Release|Any CPU
		{8144B61F-0BBC-4CC2-B5A1-92C83B9EC5B3}.Release|Any CPU.Build.0 = Release|Any CPU
	EndGlobalSection
	GlobalSection(MonoDevelopProperties) = preSolution
		StartupItem = TestApp\TestApp.csproj
	EndGlobalSection
EndGlobal
